
Microsoft Visual Studio Solution File, Format Version 12.00
# Visual Studio 2012
Project("{8BC9CEB8-8B4A-11D0-8D11-00A0C91BC942}") = "Link_Stack", "Link_Stack\Link_Stack.vcxproj", "{CAFA1066-3141-476F-8BC0-BABC5028BA72}"
EndProject
Global
	GlobalSection(SolutionConfigurationPlatforms) = preSolution
		Debug|Win32 = Debug|Win32
		Release|Win32 = Release|Win32
	EndGlobalSection
	GlobalSection(ProjectConfigurationPlatforms) = postSolution
		{CAFA1066-3141-476F-8BC0-BABC5028BA72}.Debug|Win32.ActiveCfg = Debug|Win32
		{CAFA1066-3141-476F-8BC0-BABC5028BA72}.Debug|Win32.Build.0 = Debug|Win32
		{CAFA1066-3141-476F-8BC0-BABC5028BA72}.Release|Win32.ActiveCfg = Release|Win32
		{CAFA1066-3141-476F-8BC0-BABC5028BA72}.Release|Win32.Build.0 = Release|Win32
	EndGlobalSection
	GlobalSection(SolutionProperties) = preSolution
		HideSolutionNode = FALSE
	EndGlobalSection
EndGlobal
