
Microsoft Visual Studio Solution File, Format Version 12.00
# Visual Studio 2012
Project("{8BC9CEB8-8B4A-11D0-8D11-00A0C91BC942}") = "Circular_Queue", "Circular_Queue\Circular_Queue.vcxproj", "{5764BAEC-DEF0-43FB-9D5E-F70A6BF09CAB}"
EndProject
Global
	GlobalSection(SolutionConfigurationPlatforms) = preSolution
		Debug|Win32 = Debug|Win32
		Release|Win32 = Release|Win32
	EndGlobalSection
	GlobalSection(ProjectConfigurationPlatforms) = postSolution
		{5764BAEC-DEF0-43FB-9D5E-F70A6BF09CAB}.Debug|Win32.ActiveCfg = Debug|Win32
		{5764BAEC-DEF0-43FB-9D5E-F70A6BF09CAB}.Debug|Win32.Build.0 = Debug|Win32
		{5764BAEC-DEF0-43FB-9D5E-F70A6BF09CAB}.Release|Win32.ActiveCfg = Release|Win32
		{5764BAEC-DEF0-43FB-9D5E-F70A6BF09CAB}.Release|Win32.Build.0 = Release|Win32
	EndGlobalSection
	GlobalSection(SolutionProperties) = preSolution
		HideSolutionNode = FALSE
	EndGlobalSection
EndGlobal
